// !$*UTF8*$!
{
	archiveVersion = 1;
	classes = {
	};
	objectVersion = 46;
	objects = {

/* Begin PBXBuildFile section */
		5E7DF7BB1BF5F65F008F7142 /* AppDelegate.swift in Sources */ = {isa = PBXBuildFile; fileRef = 5E7DF7BA1BF5F65F008F7142 /* AppDelegate.swift */; };
		5E7DF7BD1BF5F65F008F7142 /* ViewController.swift in Sources */ = {isa = PBXBuildFile; fileRef = 5E7DF7BC1BF5F65F008F7142 /* ViewController.swift */; };
		5E7DF7C01BF5F65F008F7142 /* Main.storyboard in Resources */ = {isa = PBXBuildFile; fileRef = 5E7DF7BE1BF5F65F008F7142 /* Main.storyboard */; };
		5E7DF7C21BF5F65F008F7142 /* Assets.xcassets in Resources */ = {isa = PBXBuildFile; fileRef = 5E7DF7C11BF5F65F008F7142 /* Assets.xcassets */; };
		5E7DF7C51BF5F65F008F7142 /* LaunchScreen.storyboard in Resources */ = {isa = PBXBuildFile; fileRef = 5E7DF7C31BF5F65F008F7142 /* LaunchScreen.storyboard */; };
		5E7DF7D01BF5F65F008F7142 /* testbluetoothTests.swift in Sources */ = {isa = PBXBuildFile; fileRef = 5E7DF7CF1BF5F65F008F7142 /* testbluetoothTests.swift */; };
		5E7DF7DB1BF5F65F008F7142 /* testbluetoothUITests.swift in Sources */ = {isa = PBXBuildFile; fileRef = 5E7DF7DA1BF5F65F008F7142 /* testbluetoothUITests.swift */; };
		5E7DF7E91BF5F68E008F7142 /* CoreBluetooth.framework in Frameworks */ = {isa = PBXBuildFile; fileRef = 5E7DF7E81BF5F68E008F7142 /* CoreBluetooth.framework */; };
/* End PBXBuildFile section */

/* Begin PBXContainerItemProxy section */
		5E7DF7CC1BF5F65F008F7142 /* PBXContainerItemProxy */ = {
			isa = PBXContainerItemProxy;
			containerPortal = 5E7DF7AF1BF5F65F008F7142 /* Project object */;
			proxyType = 1;
			remoteGlobalIDString = 5E7DF7B61BF5F65F008F7142;
			remoteInfo = testbluetooth;
		};
		5E7DF7D71BF5F65F008F7142 /* PBXContainerItemProxy */ = {
			isa = PBXContainerItemProxy;
			containerPortal = 5E7DF7AF1BF5F65F008F7142 /* Project object */;
			proxyType = 1;
			remoteGlobalIDString = 5E7DF7B61BF5F65F008F7142;
			remoteInfo = testbluetooth;
		};
/* End PBXContainerItemProxy section */

/* Begin PBXFileReference section */
		5E7DF7B71BF5F65F008F7142 /* testbluetooth.app */ = {isa = PBXFileReference; explicitFileType = wrapper.application; includeInIndex = 0; path = testbluetooth.app; sourceTree = BUILT_PRODUCTS_DIR; };
		5E7DF7BA1BF5F65F008F7142 /* AppDelegate.swift */ = {isa = PBXFileReference; lastKnownFileType = sourcecode.swift; path = AppDelegate.swift; sourceTree = "<group>"; };
		5E7DF7BC1BF5F65F008F7142 /* ViewController.swift */ = {isa = PBXFileReference; lastKnownFileType = sourcecode.swift; path = ViewController.swift; sourceTree = "<group>"; };
		5E7DF7BF1BF5F65F008F7142 /* Base */ = {isa = PBXFileReference; lastKnownFileType = file.storyboard; name = Base; path = Base.lproj/Main.storyboard; sourceTree = "<group>"; };
		5E7DF7C11BF5F65F008F7142 /* Assets.xcassets */ = {isa = PBXFileReference; lastKnownFileType = folder.assetcatalog; path = Assets.xcassets; sourceTree = "<group>"; };
		5E7DF7C41BF5F65F008F7142 /* Base */ = {isa = PBXFileReference; lastKnownFileType = file.storyboard; name = Base; path = Base.lproj/LaunchScreen.storyboard; sourceTree = "<group>"; };
		5E7DF7C61BF5F65F008F7142 /* Info.plist */ = {isa = PBXFileReference; lastKnownFileType = text.plist.xml; path = Info.plist; sourceTree = "<group>"; };
		5E7DF7CB1BF5F65F008F7142 /* testbluetoothTests.xctest */ = {isa = PBXFileReference; explicitFileType = wrapper.cfbundle; includeInIndex = 0; path = testbluetoothTests.xctest; sourceTree = BUILT_PRODUCTS_DIR; };
		5E7DF7CF1BF5F65F008F7142 /* testbluetoothTests.swift */ = {isa = PBXFileReference; lastKnownFileType = sourcecode.swift; path = testbluetoothTests.swift; sourceTree = "<group>"; };
		5E7DF7D11BF5F65F008F7142 /* Info.plist */ = {isa = PBXFileReference; lastKnownFileType = text.plist.xml; path = Info.plist; sourceTree = "<group>"; };
		5E7DF7D61BF5F65F008F7142 /* testbluetoothUITests.xctest */ = {isa = PBXFileReference; explicitFileType = wrapper.cfbundle; includeInIndex = 0; path = testbluetoothUITests.xctest; sourceTree = BUILT_PRODUCTS_DIR; };
		5E7DF7DA1BF5F65F008F7142 /* testbluetoothUITests.swift */ = {isa = PBXFileReference; lastKnownFileType = sourcecode.swift; path = testbluetoothUITests.swift; sourceTree = "<group>"; };
		5E7DF7DC1BF5F65F008F7142 /* Info.plist */ = {isa = PBXFileReference; lastKnownFileType = text.plist.xml; path = Info.plist; sourceTree = "<group>"; };
		5E7DF7E81BF5F68E008F7142 /* CoreBluetooth.framework */ = {isa = PBXFileReference; lastKnownFileType = wrapper.framework; name = CoreBluetooth.framework; path = System/Library/Frameworks/CoreBluetooth.framework; sourceTree = SDKROOT; };
/* End PBXFileReference section */

/* Begin PBXFrameworksBuildPhase section */
		5E7DF7B41BF5F65F008F7142 /* Frameworks */ = {
			isa = PBXFrameworksBuildPhase;
			buildActionMask = 2147483647;
			files = (
				5E7DF7E91BF5F68E008F7142 /* CoreBluetooth.framework in Frameworks */,
			);
			runOnlyForDeploymentPostprocessing = 0;
		};
		5E7DF7C81BF5F65F008F7142 /* Frameworks */ = {
			isa = PBXFrameworksBuildPhase;
			buildActionMask = 2147483647;
			files = (
			);
			runOnlyForDeploymentPostprocessing = 0;
		};
		5E7DF7D31BF5F65F008F7142 /* Frameworks */ = {
			isa = PBXFrameworksBuildPhase;
			buildActionMask = 2147483647;
			files = (
			);
			runOnlyForDeploymentPostprocessing = 0;
		};
/* End PBXFrameworksBuildPhase section */

/* Begin PBXGroup section */
		5E7DF7AE1BF5F65F008F7142 = {
			isa = PBXGroup;
			children = (
				5E7DF7E81BF5F68E008F7142 /* CoreBluetooth.framework */,
				5E7DF7B91BF5F65F008F7142 /* testbluetooth */,
				5E7DF7CE1BF5F65F008F7142 /* testbluetoothTests */,
				5E7DF7D91BF5F65F008F7142 /* testbluetoothUITests */,
				5E7DF7B81BF5F65F008F7142 /* Products */,
			);
			sourceTree = "<group>";
		};
		5E7DF7B81BF5F65F008F7142 /* Products */ = {
			isa = PBXGroup;
			children = (
				5E7DF7B71BF5F65F008F7142 /* testbluetooth.app */,
				5E7DF7CB1BF5F65F008F7142 /* testbluetoothTests.xctest */,
				5E7DF7D61BF5F65F008F7142 /* testbluetoothUITests.xctest */,
			);
			name = Products;
			sourceTree = "<group>";
		};
		5E7DF7B91BF5F65F008F7142 /* testbluetooth */ = {
			isa = PBXGroup;
			children = (
				5E7DF7BA1BF5F65F008F7142 /* AppDelegate.swift */,
				5E7DF7BC1BF5F65F008F7142 /* ViewController.swift */,
				5E7DF7BE1BF5F65F008F7142 /* Main.storyboard */,
				5E7DF7C11BF5F65F008F7142 /* Assets.xcassets */,
				5E7DF7C31BF5F65F008F7142 /* LaunchScreen.storyboard */,
				5E7DF7C61BF5F65F008F7142 /* Info.plist */,
			);
			path = testbluetooth;
			sourceTree = "<group>";
		};
		5E7DF7CE1BF5F65F008F7142 /* testbluetoothTests */ = {
			isa = PBXGroup;
			children = (
				5E7DF7CF1BF5F65F008F7142 /* testbluetoothTests.swift */,
				5E7DF7D11BF5F65F008F7142 /* Info.plist */,
			);
			path = testbluetoothTests;
			sourceTree = "<group>";
		};
		5E7DF7D91BF5F65F008F7142 /* testbluetoothUITests */ = {
			isa = PBXGroup;
			children = (
				5E7DF7DA1BF5F65F008F7142 /* testbluetoothUITests.swift */,
				5E7DF7DC1BF5F65F008F7142 /* Info.plist */,
			);
			path = testbluetoothUITests;
			sourceTree = "<group>";
		};
/* End PBXGroup section */

/* Begin PBXNativeTarget section */
		5E7DF7B61BF5F65F008F7142 /* testbluetooth */ = {
			isa = PBXNativeTarget;
			buildConfigurationList = 5E7DF7DF1BF5F65F008F7142 /* Build configuration list for PBXNativeTarget "testbluetooth" */;
			buildPhases = (
				5E7DF7B31BF5F65F008F7142 /* Sources */,
				5E7DF7B41BF5F65F008F7142 /* Frameworks */,
				5E7DF7B51BF5F65F008F7142 /* Resources */,
			);
			buildRules = (
			);
			dependencies = (
			);
			name = testbluetooth;
			productName = testbluetooth;
			productReference = 5E7DF7B71BF5F65F008F7142 /* testbluetooth.app */;
			productType = "com.apple.product-type.application";
		};
		5E7DF7CA1BF5F65F008F7142 /* testbluetoothTests */ = {
			isa = PBXNativeTarget;
			buildConfigurationList = 5E7DF7E21BF5F65F008F7142 /* Build configuration list for PBXNativeTarget "testbluetoothTests" */;
			buildPhases = (
				5E7DF7C71BF5F65F008F7142 /* Sources */,
				5E7DF7C81BF5F65F008F7142 /* Frameworks */,
				5E7DF7C91BF5F65F008F7142 /* Resources */,
			);
			buildRules = (
			);
			dependencies = (
				5E7DF7CD1BF5F65F008F7142 /* PBXTargetDependency */,
			);
			name = testbluetoothTests;
			productName = testbluetoothTests;
			productReference = 5E7DF7CB1BF5F65F008F7142 /* testbluetoothTests.xctest */;
			productType = "com.apple.product-type.bundle.unit-test";
		};
		5E7DF7D51BF5F65F008F7142 /* testbluetoothUITests */ = {
			isa = PBXNativeTarget;
			buildConfigurationList = 5E7DF7E51BF5F65F008F7142 /* Build configuration list for PBXNativeTarget "testbluetoothUITests" */;
			buildPhases = (
				5E7DF7D21BF5F65F008F7142 /* Sources */,
				5E7DF7D31BF5F65F008F7142 /* Frameworks */,
				5E7DF7D41BF5F65F008F7142 /* Resources */,
			);
			buildRules = (
			);
			dependencies = (
				5E7DF7D81BF5F65F008F7142 /* PBXTargetDependency */,
			);
			name = testbluetoothUITests;
			productName = testbluetoothUITests;
			productReference = 5E7DF7D61BF5F65F008F7142 /* testbluetoothUITests.xctest */;
			productType = "com.apple.product-type.bundle.ui-testing";
		};
/* End PBXNativeTarget section */

/* Begin PBXProject section */
		5E7DF7AF1BF5F65F008F7142 /* Project object */ = {
			isa = PBXProject;
			attributes = {
				LastSwiftUpdateCheck = 0710;
				LastUpgradeCheck = 0710;
				ORGANIZATIONNAME = "Curtis Bacon";
				TargetAttributes = {
					5E7DF7B61BF5F65F008F7142 = {
						CreatedOnToolsVersion = 7.1.1;
						DevelopmentTeam = Y86UPDYL9Z;
					};
					5E7DF7CA1BF5F65F008F7142 = {
						CreatedOnToolsVersion = 7.1.1;
						TestTargetID = 5E7DF7B61BF5F65F008F7142;
					};
					5E7DF7D51BF5F65F008F7142 = {
						CreatedOnToolsVersion = 7.1.1;
						TestTargetID = 5E7DF7B61BF5F65F008F7142;
					};
				};
			};
			buildConfigurationList = 5E7DF7B21BF5F65F008F7142 /* Build configuration list for PBXProject "testbluetooth" */;
			compatibilityVersion = "Xcode 3.2";
			developmentRegion = English;
			hasScannedForEncodings = 0;
			knownRegions = (
				en,
				Base,
			);
			mainGroup = 5E7DF7AE1BF5F65F008F7142;
			productRefGroup = 5E7DF7B81BF5F65F008F7142 /* Products */;
			projectDirPath = "";
			projectRoot = "";
			targets = (
				5E7DF7B61BF5F65F008F7142 /* testbluetooth */,
				5E7DF7CA1BF5F65F008F7142 /* testbluetoothTests */,
				5E7DF7D51BF5F65F008F7142 /* testbluetoothUITests */,
			);
		};
/* End PBXProject section */

/* Begin PBXResourcesBuildPhase section */
		5E7DF7B51BF5F65F008F7142 /* Resources */ = {
			isa = PBXResourcesBuildPhase;
			buildActionMask = 2147483647;
			files = (
				5E7DF7C51BF5F65F008F7142 /* LaunchScreen.storyboard in Resources */,
				5E7DF7C21BF5F65F008F7142 /* Assets.xcassets in Resources */,
				5E7DF7C01BF5F65F008F7142 /* Main.storyboard in Resources */,
			);
			runOnlyForDeploymentPostprocessing = 0;
		};
		5E7DF7C91BF5F65F008F7142 /* Resources */ = {
			isa = PBXResourcesBuildPhase;
			buildActionMask = 2147483647;
			files = (
			);
			runOnlyForDeploymentPostprocessing = 0;
		};
		5E7DF7D41BF5F65F008F7142 /* Resources */ = {
			isa = PBXResourcesBuildPhase;
			buildActionMask = 2147483647;
			files = (
			);
			runOnlyForDeploymentPostprocessing = 0;
		};
/* End PBXResourcesBuildPhase section */

/* Begin PBXSourcesBuildPhase section */
		5E7DF7B31BF5F65F008F7142 /* Sources */ = {
			isa = PBXSourcesBuildPhase;
			buildActionMask = 2147483647;
			files = (
				5E7DF7BD1BF5F65F008F7142 /* ViewController.swift in Sources */,
				5E7DF7BB1BF5F65F008F7142 /* AppDelegate.swift in Sources */,
			);
			runOnlyForDeploymentPostprocessing = 0;
		};
		5E7DF7C71BF5F65F008F7142 /* Sources */ = {
			isa = PBXSourcesBuildPhase;
			buildActionMask = 2147483647;
			files = (
				5E7DF7D01BF5F65F008F7142 /* testbluetoothTests.swift in Sources */,
			);
			runOnlyForDeploymentPostprocessing = 0;
		};
		5E7DF7D21BF5F65F008F7142 /* Sources */ = {
			isa = PBXSourcesBuildPhase;
			buildActionMask = 2147483647;
			files = (
				5E7DF7DB1BF5F65F008F7142 /* testbluetoothUITests.swift in Sources */,
			);
			runOnlyForDeploymentPostprocessing = 0;
		};
/* End PBXSourcesBuildPhase section */

/* Begin PBXTargetDependency section */
		5E7DF7CD1BF5F65F008F7142 /* PBXTargetDependency */ = {
			isa = PBXTargetDependency;
			target = 5E7DF7B61BF5F65F008F7142 /* testbluetooth */;
			targetProxy = 5E7DF7CC1BF5F65F008F7142 /* PBXContainerItemProxy */;
		};
		5E7DF7D81BF5F65F008F7142 /* PBXTargetDependency */ = {
			isa = PBXTargetDependency;
			target = 5E7DF7B61BF5F65F008F7142 /* testbluetooth */;
			targetProxy = 5E7DF7D71BF5F65F008F7142 /* PBXContainerItemProxy */;
		};
/* End PBXTargetDependency section */

/* Begin PBXVariantGroup section */
		5E7DF7BE1BF5F65F008F7142 /* Main.storyboard */ = {
			isa = PBXVariantGroup;
			children = (
				5E7DF7BF1BF5F65F008F7142 /* Base */,
			);
			name = Main.storyboard;
			sourceTree = "<group>";
		};
		5E7DF7C31BF5F65F008F7142 /* LaunchScreen.storyboard */ = {
			isa = PBXVariantGroup;
			children = (
				5E7DF7C41BF5F65F008F7142 /* Base */,
			);
			name = LaunchScreen.storyboard;
			sourceTree = "<group>";
		};
/* End PBXVariantGroup section */

/* Begin XCBuildConfiguration section */
		5E7DF7DD1BF5F65F008F7142 /* Debug */ = {
			isa = XCBuildConfiguration;
			buildSettings = {
				ALWAYS_SEARCH_USER_PATHS = NO;
				CLANG_CXX_LANGUAGE_STANDARD = "gnu++0x";
				CLANG_CXX_LIBRARY = "libc++";
				CLANG_ENABLE_MODULES = YES;
				CLANG_ENABLE_OBJC_ARC = YES;
				CLANG_WARN_BOOL_CONVERSION = YES;
				CLANG_WARN_CONSTANT_CONVERSION = YES;
				CLANG_WARN_DIRECT_OBJC_ISA_USAGE = YES_ERROR;
				CLANG_WARN_EMPTY_BODY = YES;
				CLANG_WARN_ENUM_CONVERSION = YES;
				CLANG_WARN_INT_CONVERSION = YES;
				CLANG_WARN_OBJC_ROOT_CLASS = YES_ERROR;
				CLANG_WARN_UNREACHABLE_CODE = YES;
				CLANG_WARN__DUPLICATE_METHOD_MATCH = YES;
				"CODE_SIGN_IDENTITY[sdk=iphoneos*]" = "iPhone Developer";
				COPY_PHASE_STRIP = NO;
				DEBUG_INFORMATION_FORMAT = dwarf;
				ENABLE_STRICT_OBJC_MSGSEND = YES;
				ENABLE_TESTABILITY = YES;
				GCC_C_LANGUAGE_STANDARD = gnu99;
				GCC_DYNAMIC_NO_PIC = NO;
				GCC_NO_COMMON_BLOCKS = YES;
				GCC_OPTIMIZATION_LEVEL = 0;
				GCC_PREPROCESSOR_DEFINITIONS = (
					"DEBUG=1",
					"$(inherited)",
				);
				GCC_WARN_64_TO_32_BIT_CONVERSION = YES;
				GCC_WARN_ABOUT_RETURN_TYPE = YES_ERROR;
				GCC_WARN_UNDECLARED_SELECTOR = YES;
				GCC_WARN_UNINITIALIZED_AUTOS = YES_AGGRESSIVE;
				GCC_WARN_UNUSED_FUNCTION = YES;
				GCC_WARN_UNUSED_VARIABLE = YES;
				IPHONEOS_DEPLOYMENT_TARGET = 9.1;
				MTL_ENABLE_DEBUG_INFO = YES;
				ONLY_ACTIVE_ARCH = YES;
				SDKROOT = iphoneos;
				SWIFT_OPTIMIZATION_LEVEL = "-Onone";
				TARGETED_DEVICE_FAMILY = "1,2";
			};
			name = Debug;
		};
		5E7DF7DE1BF5F65F008F7142 /* Release */ = {
			isa = XCBuildConfiguration;
			buildSettings = {
				ALWAYS_SEARCH_USER_PATHS = NO;
				CLANG_CXX_LANGUAGE_STANDARD = "gnu++0x";
				CLANG_CXX_LIBRARY = "libc++";
				CLANG_ENABLE_MODULES = YES;
				CLANG_ENABLE_OBJC_ARC = YES;
				CLANG_WARN_BOOL_CONVERSION = YES;
				CLANG_WARN_CONSTANT_CONVERSION = YES;
				CLANG_WARN_DIRECT_OBJC_ISA_USAGE = YES_ERROR;
				CLANG_WARN_EMPTY_BODY = YES;
				CLANG_WARN_ENUM_CONVERSION = YES;
				CLANG_WARN_INT_CONVERSION = YES;
				CLANG_WARN_OBJC_ROOT_CLASS = YES_ERROR;
				CLANG_WARN_UNREACHABLE_CODE = YES;
				CLANG_WARN__DUPLICATE_METHOD_MATCH = YES;
				"CODE_SIGN_IDENTITY[sdk=iphoneos*]" = "iPhone Developer";
				COPY_PHASE_STRIP = NO;
				DEBUG_INFORMATION_FORMAT = "dwarf-with-dsym";
				ENABLE_NS_ASSERTIONS = NO;
				ENABLE_STRICT_OBJC_MSGSEND = YES;
				GCC_C_LANGUAGE_STANDARD = gnu99;
				GCC_NO_COMMON_BLOCKS = YES;
				GCC_WARN_64_TO_32_BIT_CONVERSION = YES;
				GCC_WARN_ABOUT_RETURN_TYPE = YES_ERROR;
				GCC_WARN_UNDECLARED_SELECTOR = YES;
				GCC_WARN_UNINITIALIZED_AUTOS = YES_AGGRESSIVE;
				GCC_WARN_UNUSED_FUNCTION = YES;
				GCC_WARN_UNUSED_VARIABLE = YES;
				IPHONEOS_DEPLOYMENT_TARGET = 9.1;
				MTL_ENABLE_DEBUG_INFO = NO;
				SDKROOT = iphoneos;
				TARGETED_DEVICE_FAMILY = "1,2";
				VALIDATE_PRODUCT = YES;
			};
			name = Release;
		};
		5E7DF7E01BF5F65F008F7142 /* Debug */ = {
			isa = XCBuildConfiguration;
			buildSettings = {
				ASSETCATALOG_COMPILER_APPICON_NAME = AppIcon;
				CODE_SIGN_IDENTITY = "iPhone Developer";
				"CODE_SIGN_IDENTITY[sdk=iphoneos*]" = "iPhone Developer";
				INFOPLIST_FILE = testbluetooth/Info.plist;
				IPHONEOS_DEPLOYMENT_TARGET = 8.1;
				LD_RUNPATH_SEARCH_PATHS = "$(inherited) @executable_path/Frameworks";
				PRODUCT_BUNDLE_IDENTIFIER = com.curtisbacon.testbluetooth;
				PRODUCT_NAME = "$(TARGET_NAME)";
				PROVISIONING_PROFILE = "";
			};
			name = Debug;
		};
		5E7DF7E11BF5F65F008F7142 /* Release */ = {
			isa = XCBuildConfiguration;
			buildSettings = {
				ASSETCATALOG_COMPILER_APPICON_NAME = AppIcon;
				CODE_SIGN_IDENTITY = "iPhone Developer";
				"CODE_SIGN_IDENTITY[sdk=iphoneos*]" = "iPhone Developer";
				INFOPLIST_FILE = testbluetooth/Info.plist;
				IPHONEOS_DEPLOYMENT_TARGET = 8.1;
				LD_RUNPATH_SEARCH_PATHS = "$(inherited) @executable_path/Frameworks";
				PRODUCT_BUNDLE_IDENTIFIER = com.curtisbacon.testbluetooth;
				PRODUCT_NAME = "$(TARGET_NAME)";
				PROVISIONING_PROFILE = "";
			};
			name = Release;
		};
		5E7DF7E31BF5F65F008F7142 /* Debug */ = {
			isa = XCBuildConfiguration;
			buildSettings = {
				BUNDLE_LOADER = "$(TEST_HOST)";
				INFOPLIST_FILE = testbluetoothTests/Info.plist;
				LD_RUNPATH_SEARCH_PATHS = "$(inherited) @executable_path/Frameworks @loader_path/Frameworks";
				PRODUCT_BUNDLE_IDENTIFIER = com.curtisbacon.testbluetoothTests;
				PRODUCT_NAME = "$(TARGET_NAME)";
				TEST_HOST = "$(BUILT_PRODUCTS_DIR)/testbluetooth.app/testbluetooth";
			};
			name = Debug;
		};
		5E7DF7E41BF5F65F008F7142 /* Release */ = {
			isa = XCBuildConfiguration;
			buildSettings = {
				BUNDLE_LOADER = "$(TEST_HOST)";
				INFOPLIST_FILE = testbluetoothTests/Info.plist;
				LD_RUNPATH_SEARCH_PATHS = "$(inherited) @executable_path/Frameworks @loader_path/Frameworks";
				PRODUCT_BUNDLE_IDENTIFIER = com.curtisbacon.testbluetoothTests;
				PRODUCT_NAME = "$(TARGET_NAME)";
				TEST_HOST = "$(BUILT_PRODUCTS_DIR)/testbluetooth.app/testbluetooth";
			};
			name = Release;
		};
		5E7DF7E61BF5F65F008F7142 /* Debug */ = {
			isa = XCBuildConfiguration;
			buildSettings = {
				INFOPLIST_FILE = testbluetoothUITests/Info.plist;
				LD_RUNPATH_SEARCH_PATHS = "$(inherited) @executable_path/Frameworks @loader_path/Frameworks";
				PRODUCT_BUNDLE_IDENTIFIER = com.curtisbacon.testbluetoothUITests;
				PRODUCT_NAME = "$(TARGET_NAME)";
				TEST_TARGET_NAME = testbluetooth;
				USES_XCTRUNNER = YES;
			};
			name = Debug;
		};
		5E7DF7E71BF5F65F008F7142 /* Release */ = {
			isa = XCBuildConfiguration;
			buildSettings = {
				INFOPLIST_FILE = testbluetoothUITests/Info.plist;
				LD_RUNPATH_SEARCH_PATHS = "$(inherited) @executable_path/Frameworks @loader_path/Frameworks";
				PRODUCT_BUNDLE_IDENTIFIER = com.curtisbacon.testbluetoothUITests;
				PRODUCT_NAME = "$(TARGET_NAME)";
				TEST_TARGET_NAME = testbluetooth;
				USES_XCTRUNNER = YES;
			};
			name = Release;
		};
/* End XCBuildConfiguration section */

/* Begin XCConfigurationList section */
		5E7DF7B21BF5F65F008F7142 /* Build configuration list for PBXProject "testbluetooth" */ = {
			isa = XCConfigurationList;
			buildConfigurations = (
				5E7DF7DD1BF5F65F008F7142 /* Debug */,
				5E7DF7DE1BF5F65F008F7142 /* Release */,
			);
			defaultConfigurationIsVisible = 0;
			defaultConfigurationName = Release;
		};
		5E7DF7DF1BF5F65F008F7142 /* Build configuration list for PBXNativeTarget "testbluetooth" */ = {
			isa = XCConfigurationList;
			buildConfigurations = (
				5E7DF7E01BF5F65F008F7142 /* Debug */,
				5E7DF7E11BF5F65F008F7142 /* Release */,
			);
			defaultConfigurationIsVisible = 0;
			defaultConfigurationName = Release;
		};
		5E7DF7E21BF5F65F008F7142 /* Build configuration list for PBXNativeTarget "testbluetoothTests" */ = {
			isa = XCConfigurationList;
			buildConfigurations = (
				5E7DF7E31BF5F65F008F7142 /* Debug */,
				5E7DF7E41BF5F65F008F7142 /* Release */,
			);
			defaultConfigurationIsVisible = 0;
			defaultConfigurationName = Release;
		};
		5E7DF7E51BF5F65F008F7142 /* Build configuration list for PBXNativeTarget "testbluetoothUITests" */ = {
			isa = XCConfigurationList;
			buildConfigurations = (
				5E7DF7E61BF5F65F008F7142 /* Debug */,
				5E7DF7E71BF5F65F008F7142 /* Release */,
			);
			defaultConfigurationIsVisible = 0;
			defaultConfigurationName = Release;
		};
/* End XCConfigurationList section */
	};
	rootObject = 5E7DF7AF1BF5F65F008F7142 /* Project object */;
}
